
Microsoft Visual Studio Solution File, Format Version 12.00
# Visual Studio Version 17
VisualStudioVersion = 17.5.002.0
MinimumVisualStudioVersion = 10.0.40219.1
Project("{9A19103F-16F7-4668-BE54-9A1E7A4F7556}") = "Maior2Numeros", "Maior2Numeros.csproj", "{71C10C67-4ED9-494A-B202-3BA9ED0B82A7}"
EndProject
Global
	GlobalSection(SolutionConfigurationPlatforms) = preSolution
		Debug|Any CPU = Debug|Any CPU
		Release|Any CPU = Release|Any CPU
	EndGlobalSection
	GlobalSection(ProjectConfigurationPlatforms) = postSolution
		{71C10C67-4ED9-494A-B202-3BA9ED0B82A7}.Debug|Any CPU.ActiveCfg = Debug|Any CPU
		{71C10C67-4ED9-494A-B202-3BA9ED0B82A7}.Debug|Any CPU.Build.0 = Debug|Any CPU
		{71C10C67-4ED9-494A-B202-3BA9ED0B82A7}.Release|Any CPU.ActiveCfg = Release|Any CPU
		{71C10C67-4ED9-494A-B202-3BA9ED0B82A7}.Release|Any CPU.Build.0 = Release|Any CPU
	EndGlobalSection
	GlobalSection(SolutionProperties) = preSolution
		HideSolutionNode = FALSE
	EndGlobalSection
	GlobalSection(ExtensibilityGlobals) = postSolution
		SolutionGuid = {61111640-0735-4756-98B9-3702E5091491}
	EndGlobalSection
EndGlobal
